
Microsoft Visual Studio Solution File, Format Version 12.00
# Visual Studio 15
VisualStudioVersion = 15.0.27130.2020
MinimumVisualStudioVersion = 10.0.40219.1
Project("{F184B08F-C81C-45F6-A57F-5ABD9991F28F}") = "rent-app", "rent-app.vbproj", "{7E15ACC0-720E-455C-95BD-E0AE90DADC93}"
EndProject
Global
	GlobalSection(SolutionConfigurationPlatforms) = preSolution
		Debug|Any CPU = Debug|Any CPU
		Release|Any CPU = Release|Any CPU
	EndGlobalSection
	GlobalSection(ProjectConfigurationPlatforms) = postSolution
		{7E15ACC0-720E-455C-95BD-E0AE90DADC93}.Debug|Any CPU.ActiveCfg = Debug|Any CPU
		{7E15ACC0-720E-455C-95BD-E0AE90DADC93}.Debug|Any CPU.Build.0 = Debug|Any CPU
		{7E15ACC0-720E-455C-95BD-E0AE90DADC93}.Release|Any CPU.ActiveCfg = Release|Any CPU
		{7E15ACC0-720E-455C-95BD-E0AE90DADC93}.Release|Any CPU.Build.0 = Release|Any CPU
	EndGlobalSection
	GlobalSection(SolutionProperties) = preSolution
		HideSolutionNode = FALSE
	EndGlobalSection
	GlobalSection(ExtensibilityGlobals) = postSolution
		SolutionGuid = {497AC700-F78A-4EE8-BA0C-A18DDC52E740}
	EndGlobalSection
EndGlobal
